
Microsoft Visual Studio Solution File, Format Version 12.00
# Visual Studio Version 16
VisualStudioVersion = 16.0.29911.84
MinimumVisualStudioVersion = 10.0.40219.1
Project("{FAE04EC0-301F-11D3-BF4B-00C04F79EFBC}") = "Fabryki", "Fabryki\Fabryki.csproj", "{92810017-0A0F-43C2-B959-5E11A1FCD118}"
EndProject
Project("{FAE04EC0-301F-11D3-BF4B-00C04F79EFBC}") = "FabrykiInvoke", "FabrykiInvoke\FabrykiInvoke.csproj", "{3361282B-FFF5-4BC1-8005-FBE111254E07}"
EndProject
Global
	GlobalSection(SolutionConfigurationPlatforms) = preSolution
		Debug|Any CPU = Debug|Any CPU
		Release|Any CPU = Release|Any CPU
	EndGlobalSection
	GlobalSection(ProjectConfigurationPlatforms) = postSolution
		{92810017-0A0F-43C2-B959-5E11A1FCD118}.Debug|Any CPU.ActiveCfg = Debug|Any CPU
		{92810017-0A0F-43C2-B959-5E11A1FCD118}.Debug|Any CPU.Build.0 = Debug|Any CPU
		{92810017-0A0F-43C2-B959-5E11A1FCD118}.Release|Any CPU.ActiveCfg = Release|Any CPU
		{92810017-0A0F-43C2-B959-5E11A1FCD118}.Release|Any CPU.Build.0 = Release|Any CPU
		{3361282B-FFF5-4BC1-8005-FBE111254E07}.Debug|Any CPU.ActiveCfg = Debug|Any CPU
		{3361282B-FFF5-4BC1-8005-FBE111254E07}.Debug|Any CPU.Build.0 = Debug|Any CPU
		{3361282B-FFF5-4BC1-8005-FBE111254E07}.Release|Any CPU.ActiveCfg = Release|Any CPU
		{3361282B-FFF5-4BC1-8005-FBE111254E07}.Release|Any CPU.Build.0 = Release|Any CPU
	EndGlobalSection
	GlobalSection(SolutionProperties) = preSolution
		HideSolutionNode = FALSE
	EndGlobalSection
	GlobalSection(ExtensibilityGlobals) = postSolution
		SolutionGuid = {42E3C8F5-5CF3-4E02-8A91-6521CB82B7BF}
	EndGlobalSection
EndGlobal
